
Microsoft Visual Studio Solution File, Format Version 12.00
# Visual Studio 2013
VisualStudioVersion = 12.0.30723.0
MinimumVisualStudioVersion = 10.0.40219.1
Project("{FAE04EC0-301F-11D3-BF4B-00C04F79EFBC}") = "DataLayer", "DataLayer\DataLayer.csproj", "{9E51676F-2418-4C76-8B0A-F64692B98527}"
EndProject
Project("{FAE04EC0-301F-11D3-BF4B-00C04F79EFBC}") = "AdminBugTracker", "AdminBugTracker\AdminBugTracker.csproj", "{FE74000D-C135-4CD2-947A-9FCEDA52CE0D}"
EndProject
Project("{FAE04EC0-301F-11D3-BF4B-00C04F79EFBC}") = "BugTrackerSPA", "BugTrackerSPA\BugTrackerSPA.csproj", "{9AFFD901-4EA2-4C3D-A072-78C55D2CC29A}"
EndProject
Global
	GlobalSection(TeamFoundationVersionControl) = preSolution
		SccNumberOfProjects = 4
		SccEnterpriseProvider = {4CA58AB2-18FA-4F8D-95D4-32DDF27D184C}
		SccTeamFoundationServer = https://betoramiz.visualstudio.com/defaultcollection
		SccLocalPath0 = .
		SccProjectUniqueName1 = AdminBugTracker\\AdminBugTracker.csproj
		SccProjectName1 = AdminBugTracker
		SccLocalPath1 = AdminBugTracker
		SccProjectUniqueName2 = DataLayer\\DataLayer.csproj
		SccProjectName2 = DataLayer
		SccLocalPath2 = DataLayer
		SccProjectUniqueName3 = BugTrackerSPA\\BugTrackerSPA.csproj
		SccProjectName3 = BugTrackerSPA
		SccLocalPath3 = BugTrackerSPA
	EndGlobalSection
	GlobalSection(SolutionConfigurationPlatforms) = preSolution
		Debug|Any CPU = Debug|Any CPU
		Release|Any CPU = Release|Any CPU
	EndGlobalSection
	GlobalSection(ProjectConfigurationPlatforms) = postSolution
		{9E51676F-2418-4C76-8B0A-F64692B98527}.Debug|Any CPU.ActiveCfg = Debug|Any CPU
		{9E51676F-2418-4C76-8B0A-F64692B98527}.Debug|Any CPU.Build.0 = Debug|Any CPU
		{9E51676F-2418-4C76-8B0A-F64692B98527}.Release|Any CPU.ActiveCfg = Release|Any CPU
		{9E51676F-2418-4C76-8B0A-F64692B98527}.Release|Any CPU.Build.0 = Release|Any CPU
		{FE74000D-C135-4CD2-947A-9FCEDA52CE0D}.Debug|Any CPU.ActiveCfg = Debug|Any CPU
		{FE74000D-C135-4CD2-947A-9FCEDA52CE0D}.Debug|Any CPU.Build.0 = Debug|Any CPU
		{FE74000D-C135-4CD2-947A-9FCEDA52CE0D}.Release|Any CPU.ActiveCfg = Release|Any CPU
		{FE74000D-C135-4CD2-947A-9FCEDA52CE0D}.Release|Any CPU.Build.0 = Release|Any CPU
		{9AFFD901-4EA2-4C3D-A072-78C55D2CC29A}.Debug|Any CPU.ActiveCfg = Debug|Any CPU
		{9AFFD901-4EA2-4C3D-A072-78C55D2CC29A}.Debug|Any CPU.Build.0 = Debug|Any CPU
		{9AFFD901-4EA2-4C3D-A072-78C55D2CC29A}.Release|Any CPU.ActiveCfg = Release|Any CPU
		{9AFFD901-4EA2-4C3D-A072-78C55D2CC29A}.Release|Any CPU.Build.0 = Release|Any CPU
	EndGlobalSection
	GlobalSection(SolutionProperties) = preSolution
		HideSolutionNode = FALSE
	EndGlobalSection
EndGlobal
